{
  "name": "waveshare_lcd_test",
  "version": "1.0.0",
  "lockfileVersion": 1,
  "requires": true,
  "dependencies": {
    "josh_js_util": {
      "version": "0.1.11",
      "resolved": "https://registry.npmjs.org/josh_js_util/-/josh_js_util-0.1.11.tgz",
      "integrity": "sha512-xRRW0lKqmD0jjTIjSOz6vy7xuGDDzz/tj3u39hUPcHkgRu/EyGO3R7yyHRJFUSvVf6w1+UdHn9lfV0w8EfZVsg=="
    },
    "josh_web_util": {
      "version": "0.0.4",
      "resolved": "https://registry.npmjs.org/josh_web_util/-/josh_web_util-0.0.4.tgz",
      "integrity": "sha512-UU79/sqe8pyuNInTaBB7uyeBm/XCIlrFXHqIfDxtiH/rEYCLsAxuDxi8HSwGn9w/aXcHvefvezjB45RL2YctfQ==",
      "requires": {
        "typescript": "^4.7.4"
      }
    },
    "typescript": {
      "version": "4.9.5",
      "resolved": "https://registry.npmjs.org/typescript/-/typescript-4.9.5.tgz",
      "integrity": "sha512-1FXk9E2Hm+QzZQ7z+McJiHL4NW1F2EzMu9Nq9i3zAaGqibafqYwCVU6WyWAuyQRRzOlxou8xZSyXLEN8oKj24g=="
    }
  }
}
